<Solution>
  <Folder Name="/src/">
    <Project Path="src/WindowsControlService/WindowsControlService.csproj" />
  </Folder>
  <Folder Name="/tests/">
    <Project Path="tests/WindowsControlService.IntegrationTests/WindowsControlService.IntegrationTests.csproj" />
    <Project Path="tests/WindowsControlService.UnitTests/WindowsControlService.UnitTests.csproj" />
  </Folder>
</Solution>
